// !$*UTF8*$!
{
	archiveVersion = 1;
	classes = {
	};
	objectVersion = 46;
	objects = {

/* Begin PBXBuildFile section */
		0405240C1B0D6BDB00BC4D7C /* Foundation.framework in Frameworks */ = {isa = PBXBuildFile; fileRef = 0405240B1B0D6BDB00BC4D7C /* Foundation.framework */; };
		0405240E1B0D6BDB00BC4D7C /* CoreGraphics.framework in Frameworks */ = {isa = PBXBuildFile; fileRef = 0405240D1B0D6BDB00BC4D7C /* CoreGraphics.framework */; };
		040524101B0D6BDB00BC4D7C /* UIKit.framework in Frameworks */ = {isa = PBXBuildFile; fileRef = 0405240F1B0D6BDB00BC4D7C /* UIKit.framework */; };
		040524161B0D6BDB00BC4D7C /* InfoPlist.strings in Resources */ = {isa = PBXBuildFile; fileRef = 040524141B0D6BDB00BC4D7C /* InfoPlist.strings */; };
		040524181B0D6BDB00BC4D7C /* main.m in Sources */ = {isa = PBXBuildFile; fileRef = 040524171B0D6BDB00BC4D7C /* main.m */; };
		0405241C1B0D6BDB00BC4D7C /* ZYAppDelegate.m in Sources */ = {isa = PBXBuildFile; fileRef = 0405241B1B0D6BDB00BC4D7C /* ZYAppDelegate.m */; };
		0405241E1B0D6BDB00BC4D7C /* Images.xcassets in Resources */ = {isa = PBXBuildFile; fileRef = 0405241D1B0D6BDB00BC4D7C /* Images.xcassets */; };
		040524251B0D6BDB00BC4D7C /* XCTest.framework in Frameworks */ = {isa = PBXBuildFile; fileRef = 040524241B0D6BDB00BC4D7C /* XCTest.framework */; };
		040524261B0D6BDB00BC4D7C /* Foundation.framework in Frameworks */ = {isa = PBXBuildFile; fileRef = 0405240B1B0D6BDB00BC4D7C /* Foundation.framework */; };
		040524271B0D6BDB00BC4D7C /* UIKit.framework in Frameworks */ = {isa = PBXBuildFile; fileRef = 0405240F1B0D6BDB00BC4D7C /* UIKit.framework */; };
		0405242F1B0D6BDB00BC4D7C /* InfoPlist.strings in Resources */ = {isa = PBXBuildFile; fileRef = 0405242D1B0D6BDB00BC4D7C /* InfoPlist.strings */; };
		040524311B0D6BDB00BC4D7C /* xiaLaShuaXinTests.m in Sources */ = {isa = PBXBuildFile; fileRef = 040524301B0D6BDB00BC4D7C /* xiaLaShuaXinTests.m */; };
		040524451B0D6C1400BC4D7C /* ZYFristViewController.m in Sources */ = {isa = PBXBuildFile; fileRef = 040524431B0D6C1400BC4D7C /* ZYFristViewController.m */; };
		040524461B0D6C1400BC4D7C /* ZYFristViewController.xib in Resources */ = {isa = PBXBuildFile; fileRef = 040524441B0D6C1400BC4D7C /* ZYFristViewController.xib */; };
		04B7265A1C2FD570006DCA8B /* UIScrollView+SVInfiniteScrolling.m in Sources */ = {isa = PBXBuildFile; fileRef = 04B726571C2FD570006DCA8B /* UIScrollView+SVInfiniteScrolling.m */; };
		04B7265B1C2FD570006DCA8B /* UIScrollView+SVPullToRefresh.m in Sources */ = {isa = PBXBuildFile; fileRef = 04B726591C2FD570006DCA8B /* UIScrollView+SVPullToRefresh.m */; };
/* End PBXBuildFile section */

/* Begin PBXContainerItemProxy section */
		040524281B0D6BDB00BC4D7C /* PBXContainerItemProxy */ = {
			isa = PBXContainerItemProxy;
			containerPortal = 040524001B0D6BDB00BC4D7C /* Project object */;
			proxyType = 1;
			remoteGlobalIDString = 040524071B0D6BDB00BC4D7C;
			remoteInfo = xiaLaShuaXin;
		};
/* End PBXContainerItemProxy section */

/* Begin PBXFileReference section */
		040524081B0D6BDB00BC4D7C /* xiaLaShuaXin.app */ = {isa = PBXFileReference; explicitFileType = wrapper.application; includeInIndex = 0; path = xiaLaShuaXin.app; sourceTree = BUILT_PRODUCTS_DIR; };
		0405240B1B0D6BDB00BC4D7C /* Foundation.framework */ = {isa = PBXFileReference; lastKnownFileType = wrapper.framework; name = Foundation.framework; path = System/Library/Frameworks/Foundation.framework; sourceTree = SDKROOT; };
		0405240D1B0D6BDB00BC4D7C /* CoreGraphics.framework */ = {isa = PBXFileReference; lastKnownFileType = wrapper.framework; name = CoreGraphics.framework; path = System/Library/Frameworks/CoreGraphics.framework; sourceTree = SDKROOT; };
		0405240F1B0D6BDB00BC4D7C /* UIKit.framework */ = {isa = PBXFileReference; lastKnownFileType = wrapper.framework; name = UIKit.framework; path = System/Library/Frameworks/UIKit.framework; sourceTree = SDKROOT; };
		040524131B0D6BDB00BC4D7C /* xiaLaShuaXin-Info.plist */ = {isa = PBXFileReference; lastKnownFileType = text.plist.xml; path = "xiaLaShuaXin-Info.plist"; sourceTree = "<group>"; };
		040524151B0D6BDB00BC4D7C /* en */ = {isa = PBXFileReference; lastKnownFileType = text.plist.strings; name = en; path = en.lproj/InfoPlist.strings; sourceTree = "<group>"; };
		040524171B0D6BDB00BC4D7C /* main.m */ = {isa = PBXFileReference; lastKnownFileType = sourcecode.c.objc; path = main.m; sourceTree = "<group>"; };
		040524191B0D6BDB00BC4D7C /* xiaLaShuaXin-Prefix.pch */ = {isa = PBXFileReference; lastKnownFileType = sourcecode.c.h; path = "xiaLaShuaXin-Prefix.pch"; sourceTree = "<group>"; };
		0405241A1B0D6BDB00BC4D7C /* ZYAppDelegate.h */ = {isa = PBXFileReference; lastKnownFileType = sourcecode.c.h; path = ZYAppDelegate.h; sourceTree = "<group>"; };
		0405241B1B0D6BDB00BC4D7C /* ZYAppDelegate.m */ = {isa = PBXFileReference; lastKnownFileType = sourcecode.c.objc; path = ZYAppDelegate.m; sourceTree = "<group>"; };
		0405241D1B0D6BDB00BC4D7C /* Images.xcassets */ = {isa = PBXFileReference; lastKnownFileType = folder.assetcatalog; path = Images.xcassets; sourceTree = "<group>"; };
		040524231B0D6BDB00BC4D7C /* xiaLaShuaXinTests.xctest */ = {isa = PBXFileReference; explicitFileType = wrapper.cfbundle; includeInIndex = 0; path = xiaLaShuaXinTests.xctest; sourceTree = BUILT_PRODUCTS_DIR; };
		040524241B0D6BDB00BC4D7C /* XCTest.framework */ = {isa = PBXFileReference; lastKnownFileType = wrapper.framework; name = XCTest.framework; path = Library/Frameworks/XCTest.framework; sourceTree = DEVELOPER_DIR; };
		0405242C1B0D6BDB00BC4D7C /* xiaLaShuaXinTests-Info.plist */ = {isa = PBXFileReference; lastKnownFileType = text.plist.xml; path = "xiaLaShuaXinTests-Info.plist"; sourceTree = "<group>"; };
		0405242E1B0D6BDB00BC4D7C /* en */ = {isa = PBXFileReference; lastKnownFileType = text.plist.strings; name = en; path = en.lproj/InfoPlist.strings; sourceTree = "<group>"; };
		040524301B0D6BDB00BC4D7C /* xiaLaShuaXinTests.m */ = {isa = PBXFileReference; lastKnownFileType = sourcecode.c.objc; path = xiaLaShuaXinTests.m; sourceTree = "<group>"; };
		040524421B0D6C1400BC4D7C /* ZYFristViewController.h */ = {isa = PBXFileReference; fileEncoding = 4; lastKnownFileType = sourcecode.c.h; path = ZYFristViewController.h; sourceTree = "<group>"; };
		040524431B0D6C1400BC4D7C /* ZYFristViewController.m */ = {isa = PBXFileReference; fileEncoding = 4; lastKnownFileType = sourcecode.c.objc; path = ZYFristViewController.m; sourceTree = "<group>"; };
		040524441B0D6C1400BC4D7C /* ZYFristViewController.xib */ = {isa = PBXFileReference; fileEncoding = 4; lastKnownFileType = file.xib; path = ZYFristViewController.xib; sourceTree = "<group>"; };
		04B726551C2FD570006DCA8B /* SVPullToRefresh.h */ = {isa = PBXFileReference; fileEncoding = 4; lastKnownFileType = sourcecode.c.h; path = SVPullToRefresh.h; sourceTree = "<group>"; };
		04B726561C2FD570006DCA8B /* UIScrollView+SVInfiniteScrolling.h */ = {isa = PBXFileReference; fileEncoding = 4; lastKnownFileType = sourcecode.c.h; path = "UIScrollView+SVInfiniteScrolling.h"; sourceTree = "<group>"; };
		04B726571C2FD570006DCA8B /* UIScrollView+SVInfiniteScrolling.m */ = {isa = PBXFileReference; fileEncoding = 4; lastKnownFileType = sourcecode.c.objc; path = "UIScrollView+SVInfiniteScrolling.m"; sourceTree = "<group>"; };
		04B726581C2FD570006DCA8B /* UIScrollView+SVPullToRefresh.h */ = {isa = PBXFileReference; fileEncoding = 4; lastKnownFileType = sourcecode.c.h; path = "UIScrollView+SVPullToRefresh.h"; sourceTree = "<group>"; };
		04B726591C2FD570006DCA8B /* UIScrollView+SVPullToRefresh.m */ = {isa = PBXFileReference; fileEncoding = 4; lastKnownFileType = sourcecode.c.objc; path = "UIScrollView+SVPullToRefresh.m"; sourceTree = "<group>"; };
/* End PBXFileReference section */

/* Begin PBXFrameworksBuildPhase section */
		040524051B0D6BDB00BC4D7C /* Frameworks */ = {
			isa = PBXFrameworksBuildPhase;
			buildActionMask = 2147483647;
			files = (
				0405240E1B0D6BDB00BC4D7C /* CoreGraphics.framework in Frameworks */,
				040524101B0D6BDB00BC4D7C /* UIKit.framework in Frameworks */,
				0405240C1B0D6BDB00BC4D7C /* Foundation.framework in Frameworks */,
			);
			runOnlyForDeploymentPostprocessing = 0;
		};
		040524201B0D6BDB00BC4D7C /* Frameworks */ = {
			isa = PBXFrameworksBuildPhase;
			buildActionMask = 2147483647;
			files = (
				040524251B0D6BDB00BC4D7C /* XCTest.framework in Frameworks */,
				040524271B0D6BDB00BC4D7C /* UIKit.framework in Frameworks */,
				040524261B0D6BDB00BC4D7C /* Foundation.framework in Frameworks */,
			);
			runOnlyForDeploymentPostprocessing = 0;
		};
/* End PBXFrameworksBuildPhase section */

/* Begin PBXGroup section */
		040523FF1B0D6BDB00BC4D7C = {
			isa = PBXGroup;
			children = (
				040524111B0D6BDB00BC4D7C /* xiaLaShuaXin */,
				0405242A1B0D6BDB00BC4D7C /* xiaLaShuaXinTests */,
				0405240A1B0D6BDB00BC4D7C /* Frameworks */,
				040524091B0D6BDB00BC4D7C /* Products */,
			);
			sourceTree = "<group>";
		};
		040524091B0D6BDB00BC4D7C /* Products */ = {
			isa = PBXGroup;
			children = (
				040524081B0D6BDB00BC4D7C /* xiaLaShuaXin.app */,
				040524231B0D6BDB00BC4D7C /* xiaLaShuaXinTests.xctest */,
			);
			name = Products;
			sourceTree = "<group>";
		};
		0405240A1B0D6BDB00BC4D7C /* Frameworks */ = {
			isa = PBXGroup;
			children = (
				0405240B1B0D6BDB00BC4D7C /* Foundation.framework */,
				0405240D1B0D6BDB00BC4D7C /* CoreGraphics.framework */,
				0405240F1B0D6BDB00BC4D7C /* UIKit.framework */,
				040524241B0D6BDB00BC4D7C /* XCTest.framework */,
			);
			name = Frameworks;
			sourceTree = "<group>";
		};
		040524111B0D6BDB00BC4D7C /* xiaLaShuaXin */ = {
			isa = PBXGroup;
			children = (
				04B726541C2FD570006DCA8B /* SVPullToRefresh */,
				0405241A1B0D6BDB00BC4D7C /* ZYAppDelegate.h */,
				0405241B1B0D6BDB00BC4D7C /* ZYAppDelegate.m */,
				040524421B0D6C1400BC4D7C /* ZYFristViewController.h */,
				040524431B0D6C1400BC4D7C /* ZYFristViewController.m */,
				040524441B0D6C1400BC4D7C /* ZYFristViewController.xib */,
				0405241D1B0D6BDB00BC4D7C /* Images.xcassets */,
				040524121B0D6BDB00BC4D7C /* Supporting Files */,
			);
			path = xiaLaShuaXin;
			sourceTree = "<group>";
		};
		040524121B0D6BDB00BC4D7C /* Supporting Files */ = {
			isa = PBXGroup;
			children = (
				040524131B0D6BDB00BC4D7C /* xiaLaShuaXin-Info.plist */,
				040524141B0D6BDB00BC4D7C /* InfoPlist.strings */,
				040524171B0D6BDB00BC4D7C /* main.m */,
				040524191B0D6BDB00BC4D7C /* xiaLaShuaXin-Prefix.pch */,
			);
			name = "Supporting Files";
			sourceTree = "<group>";
		};
		0405242A1B0D6BDB00BC4D7C /* xiaLaShuaXinTests */ = {
			isa = PBXGroup;
			children = (
				040524301B0D6BDB00BC4D7C /* xiaLaShuaXinTests.m */,
				0405242B1B0D6BDB00BC4D7C /* Supporting Files */,
			);
			path = xiaLaShuaXinTests;
			sourceTree = "<group>";
		};
		0405242B1B0D6BDB00BC4D7C /* Supporting Files */ = {
			isa = PBXGroup;
			children = (
				0405242C1B0D6BDB00BC4D7C /* xiaLaShuaXinTests-Info.plist */,
				0405242D1B0D6BDB00BC4D7C /* InfoPlist.strings */,
			);
			name = "Supporting Files";
			sourceTree = "<group>";
		};
		04B726541C2FD570006DCA8B /* SVPullToRefresh */ = {
			isa = PBXGroup;
			children = (
				04B726551C2FD570006DCA8B /* SVPullToRefresh.h */,
				04B726561C2FD570006DCA8B /* UIScrollView+SVInfiniteScrolling.h */,
				04B726571C2FD570006DCA8B /* UIScrollView+SVInfiniteScrolling.m */,
				04B726581C2FD570006DCA8B /* UIScrollView+SVPullToRefresh.h */,
				04B726591C2FD570006DCA8B /* UIScrollView+SVPullToRefresh.m */,
			);
			path = SVPullToRefresh;
			sourceTree = "<group>";
		};
/* End PBXGroup section */

/* Begin PBXNativeTarget section */
		040524071B0D6BDB00BC4D7C /* xiaLaShuaXin */ = {
			isa = PBXNativeTarget;
			buildConfigurationList = 040524341B0D6BDB00BC4D7C /* Build configuration list for PBXNativeTarget "xiaLaShuaXin" */;
			buildPhases = (
				040524041B0D6BDB00BC4D7C /* Sources */,
				040524051B0D6BDB00BC4D7C /* Frameworks */,
				040524061B0D6BDB00BC4D7C /* Resources */,
			);
			buildRules = (
			);
			dependencies = (
			);
			name = xiaLaShuaXin;
			productName = xiaLaShuaXin;
			productReference = 040524081B0D6BDB00BC4D7C /* xiaLaShuaXin.app */;
			productType = "com.apple.product-type.application";
		};
		040524221B0D6BDB00BC4D7C /* xiaLaShuaXinTests */ = {
			isa = PBXNativeTarget;
			buildConfigurationList = 040524371B0D6BDB00BC4D7C /* Build configuration list for PBXNativeTarget "xiaLaShuaXinTests" */;
			buildPhases = (
				0405241F1B0D6BDB00BC4D7C /* Sources */,
				040524201B0D6BDB00BC4D7C /* Frameworks */,
				040524211B0D6BDB00BC4D7C /* Resources */,
			);
			buildRules = (
			);
			dependencies = (
				040524291B0D6BDB00BC4D7C /* PBXTargetDependency */,
			);
			name = xiaLaShuaXinTests;
			productName = xiaLaShuaXinTests;
			productReference = 040524231B0D6BDB00BC4D7C /* xiaLaShuaXinTests.xctest */;
			productType = "com.apple.product-type.bundle.unit-test";
		};
/* End PBXNativeTarget section */

/* Begin PBXProject section */
		040524001B0D6BDB00BC4D7C /* Project object */ = {
			isa = PBXProject;
			attributes = {
				CLASSPREFIX = ZY;
				LastUpgradeCheck = 0510;
				ORGANIZATIONNAME = zhiyou;
				TargetAttributes = {
					040524221B0D6BDB00BC4D7C = {
						TestTargetID = 040524071B0D6BDB00BC4D7C;
					};
				};
			};
			buildConfigurationList = 040524031B0D6BDB00BC4D7C /* Build configuration list for PBXProject "xiaLaShuaXin" */;
			compatibilityVersion = "Xcode 3.2";
			developmentRegion = English;
			hasScannedForEncodings = 0;
			knownRegions = (
				en,
			);
			mainGroup = 040523FF1B0D6BDB00BC4D7C;
			productRefGroup = 040524091B0D6BDB00BC4D7C /* Products */;
			projectDirPath = "";
			projectRoot = "";
			targets = (
				040524071B0D6BDB00BC4D7C /* xiaLaShuaXin */,
				040524221B0D6BDB00BC4D7C /* xiaLaShuaXinTests */,
			);
		};
/* End PBXProject section */

/* Begin PBXResourcesBuildPhase section */
		040524061B0D6BDB00BC4D7C /* Resources */ = {
			isa = PBXResourcesBuildPhase;
			buildActionMask = 2147483647;
			files = (
				040524461B0D6C1400BC4D7C /* ZYFristViewController.xib in Resources */,
				040524161B0D6BDB00BC4D7C /* InfoPlist.strings in Resources */,
				0405241E1B0D6BDB00BC4D7C /* Images.xcassets in Resources */,
			);
			runOnlyForDeploymentPostprocessing = 0;
		};
		040524211B0D6BDB00BC4D7C /* Resources */ = {
			isa = PBXResourcesBuildPhase;
			buildActionMask = 2147483647;
			files = (
				0405242F1B0D6BDB00BC4D7C /* InfoPlist.strings in Resources */,
			);
			runOnlyForDeploymentPostprocessing = 0;
		};
/* End PBXResourcesBuildPhase section */

/* Begin PBXSourcesBuildPhase section */
		040524041B0D6BDB00BC4D7C /* Sources */ = {
			isa = PBXSourcesBuildPhase;
			buildActionMask = 2147483647;
			files = (
				04B7265A1C2FD570006DCA8B /* UIScrollView+SVInfiniteScrolling.m in Sources */,
				040524181B0D6BDB00BC4D7C /* main.m in Sources */,
				0405241C1B0D6BDB00BC4D7C /* ZYAppDelegate.m in Sources */,
				040524451B0D6C1400BC4D7C /* ZYFristViewController.m in Sources */,
				04B7265B1C2FD570006DCA8B /* UIScrollView+SVPullToRefresh.m in Sources */,
			);
			runOnlyForDeploymentPostprocessing = 0;
		};
		0405241F1B0D6BDB00BC4D7C /* Sources */ = {
			isa = PBXSourcesBuildPhase;
			buildActionMask = 2147483647;
			files = (
				040524311B0D6BDB00BC4D7C /* xiaLaShuaXinTests.m in Sources */,
			);
			runOnlyForDeploymentPostprocessing = 0;
		};
/* End PBXSourcesBuildPhase section */

/* Begin PBXTargetDependency section */
		040524291B0D6BDB00BC4D7C /* PBXTargetDependency */ = {
			isa = PBXTargetDependency;
			target = 040524071B0D6BDB00BC4D7C /* xiaLaShuaXin */;
			targetProxy = 040524281B0D6BDB00BC4D7C /* PBXContainerItemProxy */;
		};
/* End PBXTargetDependency section */

/* Begin PBXVariantGroup section */
		040524141B0D6BDB00BC4D7C /* InfoPlist.strings */ = {
			isa = PBXVariantGroup;
			children = (
				040524151B0D6BDB00BC4D7C /* en */,
			);
			name = InfoPlist.strings;
			sourceTree = "<group>";
		};
		0405242D1B0D6BDB00BC4D7C /* InfoPlist.strings */ = {
			isa = PBXVariantGroup;
			children = (
				0405242E1B0D6BDB00BC4D7C /* en */,
			);
			name = InfoPlist.strings;
			sourceTree = "<group>";
		};
/* End PBXVariantGroup section */

/* Begin XCBuildConfiguration section */
		040524321B0D6BDB00BC4D7C /* Debug */ = {
			isa = XCBuildConfiguration;
			buildSettings = {
				ALWAYS_SEARCH_USER_PATHS = NO;
				CLANG_CXX_LANGUAGE_STANDARD = "gnu++0x";
				CLANG_CXX_LIBRARY = "libc++";
				CLANG_ENABLE_MODULES = YES;
				CLANG_ENABLE_OBJC_ARC = YES;
				CLANG_WARN_BOOL_CONVERSION = YES;
				CLANG_WARN_CONSTANT_CONVERSION = YES;
				CLANG_WARN_DIRECT_OBJC_ISA_USAGE = YES_ERROR;
				CLANG_WARN_EMPTY_BODY = YES;
				CLANG_WARN_ENUM_CONVERSION = YES;
				CLANG_WARN_INT_CONVERSION = YES;
				CLANG_WARN_OBJC_ROOT_CLASS = YES_ERROR;
				CLANG_WARN__DUPLICATE_METHOD_MATCH = YES;
				"CODE_SIGN_IDENTITY[sdk=iphoneos*]" = "iPhone Developer";
				COPY_PHASE_STRIP = NO;
				GCC_C_LANGUAGE_STANDARD = gnu99;
				GCC_DYNAMIC_NO_PIC = NO;
				GCC_OPTIMIZATION_LEVEL = 0;
				GCC_PREPROCESSOR_DEFINITIONS = (
					"DEBUG=1",
					"$(inherited)",
				);
				GCC_SYMBOLS_PRIVATE_EXTERN = NO;
				GCC_WARN_64_TO_32_BIT_CONVERSION = YES;
				GCC_WARN_ABOUT_RETURN_TYPE = YES_ERROR;
				GCC_WARN_UNDECLARED_SELECTOR = YES;
				GCC_WARN_UNINITIALIZED_AUTOS = YES_AGGRESSIVE;
				GCC_WARN_UNUSED_FUNCTION = YES;
				GCC_WARN_UNUSED_VARIABLE = YES;
				IPHONEOS_DEPLOYMENT_TARGET = 7.1;
				ONLY_ACTIVE_ARCH = YES;
				SDKROOT = iphoneos;
			};
			name = Debug;
		};
		040524331B0D6BDB00BC4D7C /* Release */ = {
			isa = XCBuildConfiguration;
			buildSettings = {
				ALWAYS_SEARCH_USER_PATHS = NO;
				CLANG_CXX_LANGUAGE_STANDARD = "gnu++0x";
				CLANG_CXX_LIBRARY = "libc++";
				CLANG_ENABLE_MODULES = YES;
				CLANG_ENABLE_OBJC_ARC = YES;
				CLANG_WARN_BOOL_CONVERSION = YES;
				CLANG_WARN_CONSTANT_CONVERSION = YES;
				CLANG_WARN_DIRECT_OBJC_ISA_USAGE = YES_ERROR;
				CLANG_WARN_EMPTY_BODY = YES;
				CLANG_WARN_ENUM_CONVERSION = YES;
				CLANG_WARN_INT_CONVERSION = YES;
				CLANG_WARN_OBJC_ROOT_CLASS = YES_ERROR;
				CLANG_WARN__DUPLICATE_METHOD_MATCH = YES;
				"CODE_SIGN_IDENTITY[sdk=iphoneos*]" = "iPhone Developer";
				COPY_PHASE_STRIP = YES;
				ENABLE_NS_ASSERTIONS = NO;
				GCC_C_LANGUAGE_STANDARD = gnu99;
				GCC_WARN_64_TO_32_BIT_CONVERSION = YES;
				GCC_WARN_ABOUT_RETURN_TYPE = YES_ERROR;
				GCC_WARN_UNDECLARED_SELECTOR = YES;
				GCC_WARN_UNINITIALIZED_AUTOS = YES_AGGRESSIVE;
				GCC_WARN_UNUSED_FUNCTION = YES;
				GCC_WARN_UNUSED_VARIABLE = YES;
				IPHONEOS_DEPLOYMENT_TARGET = 7.1;
				SDKROOT = iphoneos;
				VALIDATE_PRODUCT = YES;
			};
			name = Release;
		};
		040524351B0D6BDB00BC4D7C /* Debug */ = {
			isa = XCBuildConfiguration;
			buildSettings = {
				ASSETCATALOG_COMPILER_APPICON_NAME = AppIcon;
				ASSETCATALOG_COMPILER_LAUNCHIMAGE_NAME = LaunchImage;
				GCC_PRECOMPILE_PREFIX_HEADER = YES;
				GCC_PREFIX_HEADER = "xiaLaShuaXin/xiaLaShuaXin-Prefix.pch";
				INFOPLIST_FILE = "xiaLaShuaXin/xiaLaShuaXin-Info.plist";
				PRODUCT_NAME = "$(TARGET_NAME)";
				WRAPPER_EXTENSION = app;
			};
			name = Debug;
		};
		040524361B0D6BDB00BC4D7C /* Release */ = {
			isa = XCBuildConfiguration;
			buildSettings = {
				ASSETCATALOG_COMPILER_APPICON_NAME = AppIcon;
				ASSETCATALOG_COMPILER_LAUNCHIMAGE_NAME = LaunchImage;
				GCC_PRECOMPILE_PREFIX_HEADER = YES;
				GCC_PREFIX_HEADER = "xiaLaShuaXin/xiaLaShuaXin-Prefix.pch";
				INFOPLIST_FILE = "xiaLaShuaXin/xiaLaShuaXin-Info.plist";
				PRODUCT_NAME = "$(TARGET_NAME)";
				WRAPPER_EXTENSION = app;
			};
			name = Release;
		};
		040524381B0D6BDB00BC4D7C /* Debug */ = {
			isa = XCBuildConfiguration;
			buildSettings = {
				BUNDLE_LOADER = "$(BUILT_PRODUCTS_DIR)/xiaLaShuaXin.app/xiaLaShuaXin";
				FRAMEWORK_SEARCH_PATHS = (
					"$(SDKROOT)/Developer/Library/Frameworks",
					"$(inherited)",
					"$(DEVELOPER_FRAMEWORKS_DIR)",
				);
				GCC_PRECOMPILE_PREFIX_HEADER = YES;
				GCC_PREFIX_HEADER = "xiaLaShuaXin/xiaLaShuaXin-Prefix.pch";
				GCC_PREPROCESSOR_DEFINITIONS = (
					"DEBUG=1",
					"$(inherited)",
				);
				INFOPLIST_FILE = "xiaLaShuaXinTests/xiaLaShuaXinTests-Info.plist";
				PRODUCT_NAME = "$(TARGET_NAME)";
				TEST_HOST = "$(BUNDLE_LOADER)";
				WRAPPER_EXTENSION = xctest;
			};
			name = Debug;
		};
		040524391B0D6BDB00BC4D7C /* Release */ = {
			isa = XCBuildConfiguration;
			buildSettings = {
				BUNDLE_LOADER = "$(BUILT_PRODUCTS_DIR)/xiaLaShuaXin.app/xiaLaShuaXin";
				FRAMEWORK_SEARCH_PATHS = (
					"$(SDKROOT)/Developer/Library/Frameworks",
					"$(inherited)",
					"$(DEVELOPER_FRAMEWORKS_DIR)",
				);
				GCC_PRECOMPILE_PREFIX_HEADER = YES;
				GCC_PREFIX_HEADER = "xiaLaShuaXin/xiaLaShuaXin-Prefix.pch";
				INFOPLIST_FILE = "xiaLaShuaXinTests/xiaLaShuaXinTests-Info.plist";
				PRODUCT_NAME = "$(TARGET_NAME)";
				TEST_HOST = "$(BUNDLE_LOADER)";
				WRAPPER_EXTENSION = xctest;
			};
			name = Release;
		};
/* End XCBuildConfiguration section */

/* Begin XCConfigurationList section */
		040524031B0D6BDB00BC4D7C /* Build configuration list for PBXProject "xiaLaShuaXin" */ = {
			isa = XCConfigurationList;
			buildConfigurations = (
				040524321B0D6BDB00BC4D7C /* Debug */,
				040524331B0D6BDB00BC4D7C /* Release */,
			);
			defaultConfigurationIsVisible = 0;
			defaultConfigurationName = Release;
		};
		040524341B0D6BDB00BC4D7C /* Build configuration list for PBXNativeTarget "xiaLaShuaXin" */ = {
			isa = XCConfigurationList;
			buildConfigurations = (
				040524351B0D6BDB00BC4D7C /* Debug */,
				040524361B0D6BDB00BC4D7C /* Release */,
			);
			defaultConfigurationIsVisible = 0;
			defaultConfigurationName = Release;
		};
		040524371B0D6BDB00BC4D7C /* Build configuration list for PBXNativeTarget "xiaLaShuaXinTests" */ = {
			isa = XCConfigurationList;
			buildConfigurations = (
				040524381B0D6BDB00BC4D7C /* Debug */,
				040524391B0D6BDB00BC4D7C /* Release */,
			);
			defaultConfigurationIsVisible = 0;
			defaultConfigurationName = Release;
		};
/* End XCConfigurationList section */
	};
	rootObject = 040524001B0D6BDB00BC4D7C /* Project object */;
}
